
Microsoft Visual Studio Solution File, Format Version 12.00
# Visual Studio 14
VisualStudioVersion = 14.0.25420.1
MinimumVisualStudioVersion = 10.0.40219.1
Project("{FAE04EC0-301F-11D3-BF4B-00C04F79EFBC}") = "DotNetRevolution.Core", "src\DotNetRevolution.Core\DotNetRevolution.Core.csproj", "{D65E8739-5F05-46D9-8B5E-47008F848257}"
EndProject
Project("{FAE04EC0-301F-11D3-BF4B-00C04F79EFBC}") = "DotNetRevolution.Logging.Serilog", "src\DotNetRevolution.Logging.Serilog\DotNetRevolution.Logging.Serilog.csproj", "{8A3DFE60-6BDD-4E1C-A234-1E15E3BEF414}"
EndProject
Project("{2150E333-8FDC-42A3-9474-1A3956D46DE8}") = "Logging", "Logging", "{17FFDA9B-6DB6-4E7E-AA9F-0824E4504032}"
EndProject
Project("{00D1A9C2-B5F0-4AF3-8072-F6C62B433612}") = "DotNetRevolution.Logging.Database", "src\DotNetRevolution.Logging.Database\DotNetRevolution.Logging.Database.sqlproj", "{60F78E1A-2A57-438D-AC8E-7204AC3D5A52}"
EndProject
Project("{2150E333-8FDC-42A3-9474-1A3956D46DE8}") = "Ninject", "Ninject", "{7F327415-88E2-4E71-92FC-D0844EC6C5CA}"
EndProject
Project("{FAE04EC0-301F-11D3-BF4B-00C04F79EFBC}") = "DotNetRevolution.Ninject.Serilog", "src\DotNetRevolution.Ninject.Serilog\DotNetRevolution.Ninject.Serilog.csproj", "{CD62BDB8-85E8-4EAD-B269-BC2A407415C3}"
EndProject
Project("{2150E333-8FDC-42A3-9474-1A3956D46DE8}") = "ServiceBus", "ServiceBus", "{CFC4ABC0-DBC4-4009-BE80-E924CAA16CC9}"
EndProject
Project("{FAE04EC0-301F-11D3-BF4B-00C04F79EFBC}") = "DotNetRevolution.ShuttleESB", "src\DotNetRevolution.ShuttleESB\DotNetRevolution.ShuttleESB.csproj", "{04D5E9FF-1B58-4014-8F78-29D143D8A074}"
EndProject
Project("{2150E333-8FDC-42A3-9474-1A3956D46DE8}") = "Serialization", "Serialization", "{09DFED90-577A-4612-A89F-55071E2E6529}"
EndProject
Project("{2150E333-8FDC-42A3-9474-1A3956D46DE8}") = "Web", "Web", "{48CE0BA6-3CA2-4FAD-87CE-F927DEF47B7E}"
EndProject
Project("{FAE04EC0-301F-11D3-BF4B-00C04F79EFBC}") = "DotNetRevolution.Web", "src\DotNetRevolution.Web\DotNetRevolution.Web.csproj", "{4F605714-4AF6-4F52-B0D4-8B4A97C7C9B8}"
EndProject
Project("{FAE04EC0-301F-11D3-BF4B-00C04F79EFBC}") = "DotNetRevolution.Logging.Serilog.Web", "src\DotNetRevolution.Logging.Serilog.Web\DotNetRevolution.Logging.Serilog.Web.csproj", "{A4676E6A-64AB-4B46-A398-D020583752B0}"
EndProject
Project("{FAE04EC0-301F-11D3-BF4B-00C04F79EFBC}") = "DotNetRevolution.MVC", "src\DotNetRevolution.MVC\DotNetRevolution.MVC.csproj", "{07090DE2-BF10-4EB3-9389-0D8B66A16C12}"
EndProject
Project("{FAE04EC0-301F-11D3-BF4B-00C04F79EFBC}") = "DotNetRevolution.Newtonsoft.Json", "src\DotNetRevolution.Newtonsoft.Json\DotNetRevolution.Newtonsoft.Json.csproj", "{5DCBB9F2-8A95-47C1-86E1-93BE0CC469D6}"
EndProject
Project("{2150E333-8FDC-42A3-9474-1A3956D46DE8}") = "EventSourcing", "EventSourcing", "{143E43E5-1A24-42B4-A010-2391E44C6D9E}"
EndProject
Project("{FAE04EC0-301F-11D3-BF4B-00C04F79EFBC}") = "DotNetRevolution.Ninject", "src\DotNetRevolution.Ninject\DotNetRevolution.Ninject.csproj", "{F4C0E5D1-2244-499B-856C-815CE3C458A3}"
EndProject
Project("{2150E333-8FDC-42A3-9474-1A3956D46DE8}") = "Tests", "Tests", "{E4A1D295-C96B-42F1-BEE6-EBF21E75D591}"
EndProject
Project("{FAE04EC0-301F-11D3-BF4B-00C04F79EFBC}") = "DotNetRevolution.Core.Tests", "tests\DotNetRevolution.Core.Tests\DotNetRevolution.Core.Tests.csproj", "{90F8BCF4-EAD7-4F06-9E51-D4E627B92482}"
EndProject
Project("{FAE04EC0-301F-11D3-BF4B-00C04F79EFBC}") = "DotNetRevolution.Test.Domain", "tests\DotNetRevolution.Test.Domain\DotNetRevolution.Test.Domain.csproj", "{5D0BDE59-1510-47FE-A313-49DA714602FF}"
EndProject
Project("{FAE04EC0-301F-11D3-BF4B-00C04F79EFBC}") = "DotNetRevolution.Test.EventStoreDomain", "tests\DotNetRevolution.Test.EventStoreDomain\DotNetRevolution.Test.EventStoreDomain.csproj", "{C3E88787-D808-48E8-9D07-FE369525B52A}"
EndProject
Project("{FAE04EC0-301F-11D3-BF4B-00C04F79EFBC}") = "DotNetRevolution.EventSourcing", "src\DotNetRevolution.EventSourcing\DotNetRevolution.EventSourcing.csproj", "{70DE9C4A-5578-434E-BC97-7B4CE66FE007}"
EndProject
Project("{00D1A9C2-B5F0-4AF3-8072-F6C62B433612}") = "DotNetRevolution.EventSourcing.Database", "src\DotNetRevolution.EventSourcing.Database\DotNetRevolution.EventSourcing.Database.sqlproj", "{B72E1786-2AD6-4504-8037-C2C6002991BB}"
EndProject
Project("{FAE04EC0-301F-11D3-BF4B-00C04F79EFBC}") = "DotNetRevolution.EventSourcing.Sql", "src\DotNetRevolution.EventSourcing.Sql\DotNetRevolution.EventSourcing.Sql.csproj", "{FAC36EE1-DFF2-4A8C-8D96-4A4DCE79A5C3}"
EndProject
Project("{FAE04EC0-301F-11D3-BF4B-00C04F79EFBC}") = "DotNetRevolution.Test.EventStourcing.Sql", "tests\DotNetRevolution.Test.EventStourcing.Sql\DotNetRevolution.Test.EventStourcing.Sql.csproj", "{2DFF7B71-44E4-45B0-BFE6-E1D4718CF42C}"
EndProject
Project("{FAE04EC0-301F-11D3-BF4B-00C04F79EFBC}") = "DotNetRevolution.Test.EventSourcing", "tests\DotNetRevolution.Test.EventSourcing\DotNetRevolution.Test.EventSourcing.csproj", "{07D81F68-4EF8-4DD7-A90F-CFDDD4B4DA1D}"
EndProject
Project("{FAE04EC0-301F-11D3-BF4B-00C04F79EFBC}") = "DotNetRevolution.EventSourcing.Web", "src\DotNetRevolution.EventSourcing.Web\DotNetRevolution.EventSourcing.Web.csproj", "{6FE2C1E1-5388-4E45-80F4-08ED8A446091}"
EndProject
Project("{FAE04EC0-301F-11D3-BF4B-00C04F79EFBC}") = "DotNetRevolution.EventSourcing.Command", "src\DotNetRevolution.EventSourcing.Command\DotNetRevolution.EventSourcing.Command.csproj", "{D886288B-9170-4AD8-9BA4-4642B28A73A3}"
EndProject
Project("{FAE04EC0-301F-11D3-BF4B-00C04F79EFBC}") = "DotNetRevolution.EventSourcing.Announcer", "src\DotNetRevolution.EventSourcing.Announcer\DotNetRevolution.EventSourcing.Announcer.csproj", "{9DE0292C-9E45-45E0-9176-6B2556858AAA}"
EndProject
Project("{FAE04EC0-301F-11D3-BF4B-00C04F79EFBC}") = "DotNetRevolution.EventSourcing.QueryModel", "src\DotNetRevolution.EventSourcing.QueryModel\DotNetRevolution.EventSourcing.QueryModel.csproj", "{7713CF62-A3F8-452B-BC54-F1E95BE2E46B}"
EndProject
Project("{FAE04EC0-301F-11D3-BF4B-00C04F79EFBC}") = "DotNetRevolution.EventSourcing.Query", "src\DotNetRevolution.EventSourcing.Query\DotNetRevolution.EventSourcing.Query.csproj", "{F661F588-FDF5-49ED-87F8-B20433D8CF31}"
EndProject
Project("{2150E333-8FDC-42A3-9474-1A3956D46DE8}") = "Website", "Website", "{4CCDB999-4125-46AA-AEDF-8A86F6D1AA35}"
EndProject
Project("{2150E333-8FDC-42A3-9474-1A3956D46DE8}") = "Auditor", "Auditor", "{2D930C53-1116-428F-B5AE-E8B1389CC3E1}"
EndProject
Project("{FAE04EC0-301F-11D3-BF4B-00C04F79EFBC}") = "DotNetRevolution.EventSourcing.Auditor.WebApi", "src\DotNetRevolution.EventSourcing.Auditor.WebApi\DotNetRevolution.EventSourcing.Auditor.WebApi.csproj", "{37A28442-1ED3-4B66-B27D-6DBD95D850AD}"
EndProject
Project("{FAE04EC0-301F-11D3-BF4B-00C04F79EFBC}") = "DotNetRevolution.EventSourcing.Auditor.WebApi.Tests", "tests\DotNetRevolution.EventSourcing.Auditor.WebApi.Tests\DotNetRevolution.EventSourcing.Auditor.WebApi.Tests.csproj", "{C570DAE3-07BA-48CB-BBB2-5A9027F29C98}"
EndProject
Project("{FAE04EC0-301F-11D3-BF4B-00C04F79EFBC}") = "DotNetRevolution.EventSourcing.Auditor.Query", "src\DotNetRevolution.EventSourcing.Auditor.Query\DotNetRevolution.EventSourcing.Auditor.Query.csproj", "{A9850AC3-8BAD-4BBF-8B0A-8AB2B7256DA9}"
EndProject
Project("{FAE04EC0-301F-11D3-BF4B-00C04F79EFBC}") = "DotNetRevolution.EventSourcing.Auditor.Sql", "src\DotNetRevolution.EventSourcing.Auditor.Sql\DotNetRevolution.EventSourcing.Auditor.Sql.csproj", "{C75F6493-3495-4952-B6E0-D2DFC6EC73E7}"
EndProject
Global
	GlobalSection(SolutionConfigurationPlatforms) = preSolution
		Debug|Any CPU = Debug|Any CPU
		Release|Any CPU = Release|Any CPU
	EndGlobalSection
	GlobalSection(ProjectConfigurationPlatforms) = postSolution
		{D65E8739-5F05-46D9-8B5E-47008F848257}.Debug|Any CPU.ActiveCfg = Debug|Any CPU
		{D65E8739-5F05-46D9-8B5E-47008F848257}.Debug|Any CPU.Build.0 = Debug|Any CPU
		{D65E8739-5F05-46D9-8B5E-47008F848257}.Release|Any CPU.ActiveCfg = Release|Any CPU
		{D65E8739-5F05-46D9-8B5E-47008F848257}.Release|Any CPU.Build.0 = Release|Any CPU
		{8A3DFE60-6BDD-4E1C-A234-1E15E3BEF414}.Debug|Any CPU.ActiveCfg = Debug|Any CPU
		{8A3DFE60-6BDD-4E1C-A234-1E15E3BEF414}.Debug|Any CPU.Build.0 = Debug|Any CPU
		{8A3DFE60-6BDD-4E1C-A234-1E15E3BEF414}.Release|Any CPU.ActiveCfg = Release|Any CPU
		{8A3DFE60-6BDD-4E1C-A234-1E15E3BEF414}.Release|Any CPU.Build.0 = Release|Any CPU
		{60F78E1A-2A57-438D-AC8E-7204AC3D5A52}.Debug|Any CPU.ActiveCfg = Debug|Any CPU
		{60F78E1A-2A57-438D-AC8E-7204AC3D5A52}.Debug|Any CPU.Build.0 = Debug|Any CPU
		{60F78E1A-2A57-438D-AC8E-7204AC3D5A52}.Release|Any CPU.ActiveCfg = Release|Any CPU
		{60F78E1A-2A57-438D-AC8E-7204AC3D5A52}.Release|Any CPU.Build.0 = Release|Any CPU
		{60F78E1A-2A57-438D-AC8E-7204AC3D5A52}.Release|Any CPU.Deploy.0 = Release|Any CPU
		{CD62BDB8-85E8-4EAD-B269-BC2A407415C3}.Debug|Any CPU.ActiveCfg = Debug|Any CPU
		{CD62BDB8-85E8-4EAD-B269-BC2A407415C3}.Debug|Any CPU.Build.0 = Debug|Any CPU
		{CD62BDB8-85E8-4EAD-B269-BC2A407415C3}.Release|Any CPU.ActiveCfg = Release|Any CPU
		{CD62BDB8-85E8-4EAD-B269-BC2A407415C3}.Release|Any CPU.Build.0 = Release|Any CPU
		{04D5E9FF-1B58-4014-8F78-29D143D8A074}.Debug|Any CPU.ActiveCfg = Debug|Any CPU
		{04D5E9FF-1B58-4014-8F78-29D143D8A074}.Debug|Any CPU.Build.0 = Debug|Any CPU
		{04D5E9FF-1B58-4014-8F78-29D143D8A074}.Release|Any CPU.ActiveCfg = Release|Any CPU
		{04D5E9FF-1B58-4014-8F78-29D143D8A074}.Release|Any CPU.Build.0 = Release|Any CPU
		{4F605714-4AF6-4F52-B0D4-8B4A97C7C9B8}.Debug|Any CPU.ActiveCfg = Debug|Any CPU
		{4F605714-4AF6-4F52-B0D4-8B4A97C7C9B8}.Debug|Any CPU.Build.0 = Debug|Any CPU
		{4F605714-4AF6-4F52-B0D4-8B4A97C7C9B8}.Release|Any CPU.ActiveCfg = Release|Any CPU
		{4F605714-4AF6-4F52-B0D4-8B4A97C7C9B8}.Release|Any CPU.Build.0 = Release|Any CPU
		{A4676E6A-64AB-4B46-A398-D020583752B0}.Debug|Any CPU.ActiveCfg = Debug|Any CPU
		{A4676E6A-64AB-4B46-A398-D020583752B0}.Debug|Any CPU.Build.0 = Debug|Any CPU
		{A4676E6A-64AB-4B46-A398-D020583752B0}.Release|Any CPU.ActiveCfg = Release|Any CPU
		{A4676E6A-64AB-4B46-A398-D020583752B0}.Release|Any CPU.Build.0 = Release|Any CPU
		{07090DE2-BF10-4EB3-9389-0D8B66A16C12}.Debug|Any CPU.ActiveCfg = Debug|Any CPU
		{07090DE2-BF10-4EB3-9389-0D8B66A16C12}.Debug|Any CPU.Build.0 = Debug|Any CPU
		{07090DE2-BF10-4EB3-9389-0D8B66A16C12}.Release|Any CPU.ActiveCfg = Release|Any CPU
		{07090DE2-BF10-4EB3-9389-0D8B66A16C12}.Release|Any CPU.Build.0 = Release|Any CPU
		{5DCBB9F2-8A95-47C1-86E1-93BE0CC469D6}.Debug|Any CPU.ActiveCfg = Debug|Any CPU
		{5DCBB9F2-8A95-47C1-86E1-93BE0CC469D6}.Debug|Any CPU.Build.0 = Debug|Any CPU
		{5DCBB9F2-8A95-47C1-86E1-93BE0CC469D6}.Release|Any CPU.ActiveCfg = Release|Any CPU
		{5DCBB9F2-8A95-47C1-86E1-93BE0CC469D6}.Release|Any CPU.Build.0 = Release|Any CPU
		{F4C0E5D1-2244-499B-856C-815CE3C458A3}.Debug|Any CPU.ActiveCfg = Debug|Any CPU
		{F4C0E5D1-2244-499B-856C-815CE3C458A3}.Debug|Any CPU.Build.0 = Debug|Any CPU
		{F4C0E5D1-2244-499B-856C-815CE3C458A3}.Release|Any CPU.ActiveCfg = Release|Any CPU
		{F4C0E5D1-2244-499B-856C-815CE3C458A3}.Release|Any CPU.Build.0 = Release|Any CPU
		{90F8BCF4-EAD7-4F06-9E51-D4E627B92482}.Debug|Any CPU.ActiveCfg = Debug|Any CPU
		{90F8BCF4-EAD7-4F06-9E51-D4E627B92482}.Debug|Any CPU.Build.0 = Debug|Any CPU
		{90F8BCF4-EAD7-4F06-9E51-D4E627B92482}.Release|Any CPU.ActiveCfg = Release|Any CPU
		{90F8BCF4-EAD7-4F06-9E51-D4E627B92482}.Release|Any CPU.Build.0 = Release|Any CPU
		{5D0BDE59-1510-47FE-A313-49DA714602FF}.Debug|Any CPU.ActiveCfg = Debug|Any CPU
		{5D0BDE59-1510-47FE-A313-49DA714602FF}.Debug|Any CPU.Build.0 = Debug|Any CPU
		{5D0BDE59-1510-47FE-A313-49DA714602FF}.Release|Any CPU.ActiveCfg = Release|Any CPU
		{5D0BDE59-1510-47FE-A313-49DA714602FF}.Release|Any CPU.Build.0 = Release|Any CPU
		{C3E88787-D808-48E8-9D07-FE369525B52A}.Debug|Any CPU.ActiveCfg = Debug|Any CPU
		{C3E88787-D808-48E8-9D07-FE369525B52A}.Debug|Any CPU.Build.0 = Debug|Any CPU
		{C3E88787-D808-48E8-9D07-FE369525B52A}.Release|Any CPU.ActiveCfg = Release|Any CPU
		{C3E88787-D808-48E8-9D07-FE369525B52A}.Release|Any CPU.Build.0 = Release|Any CPU
		{70DE9C4A-5578-434E-BC97-7B4CE66FE007}.Debug|Any CPU.ActiveCfg = Debug|Any CPU
		{70DE9C4A-5578-434E-BC97-7B4CE66FE007}.Debug|Any CPU.Build.0 = Debug|Any CPU
		{70DE9C4A-5578-434E-BC97-7B4CE66FE007}.Release|Any CPU.ActiveCfg = Release|Any CPU
		{70DE9C4A-5578-434E-BC97-7B4CE66FE007}.Release|Any CPU.Build.0 = Release|Any CPU
		{B72E1786-2AD6-4504-8037-C2C6002991BB}.Debug|Any CPU.ActiveCfg = Debug|Any CPU
		{B72E1786-2AD6-4504-8037-C2C6002991BB}.Debug|Any CPU.Build.0 = Debug|Any CPU
		{B72E1786-2AD6-4504-8037-C2C6002991BB}.Release|Any CPU.ActiveCfg = Release|Any CPU
		{B72E1786-2AD6-4504-8037-C2C6002991BB}.Release|Any CPU.Build.0 = Release|Any CPU
		{B72E1786-2AD6-4504-8037-C2C6002991BB}.Release|Any CPU.Deploy.0 = Release|Any CPU
		{FAC36EE1-DFF2-4A8C-8D96-4A4DCE79A5C3}.Debug|Any CPU.ActiveCfg = Debug|Any CPU
		{FAC36EE1-DFF2-4A8C-8D96-4A4DCE79A5C3}.Debug|Any CPU.Build.0 = Debug|Any CPU
		{FAC36EE1-DFF2-4A8C-8D96-4A4DCE79A5C3}.Release|Any CPU.ActiveCfg = Release|Any CPU
		{FAC36EE1-DFF2-4A8C-8D96-4A4DCE79A5C3}.Release|Any CPU.Build.0 = Release|Any CPU
		{2DFF7B71-44E4-45B0-BFE6-E1D4718CF42C}.Debug|Any CPU.ActiveCfg = Debug|Any CPU
		{2DFF7B71-44E4-45B0-BFE6-E1D4718CF42C}.Debug|Any CPU.Build.0 = Debug|Any CPU
		{2DFF7B71-44E4-45B0-BFE6-E1D4718CF42C}.Release|Any CPU.ActiveCfg = Release|Any CPU
		{2DFF7B71-44E4-45B0-BFE6-E1D4718CF42C}.Release|Any CPU.Build.0 = Release|Any CPU
		{07D81F68-4EF8-4DD7-A90F-CFDDD4B4DA1D}.Debug|Any CPU.ActiveCfg = Debug|Any CPU
		{07D81F68-4EF8-4DD7-A90F-CFDDD4B4DA1D}.Debug|Any CPU.Build.0 = Debug|Any CPU
		{07D81F68-4EF8-4DD7-A90F-CFDDD4B4DA1D}.Release|Any CPU.ActiveCfg = Release|Any CPU
		{07D81F68-4EF8-4DD7-A90F-CFDDD4B4DA1D}.Release|Any CPU.Build.0 = Release|Any CPU
		{6FE2C1E1-5388-4E45-80F4-08ED8A446091}.Debug|Any CPU.ActiveCfg = Debug|Any CPU
		{6FE2C1E1-5388-4E45-80F4-08ED8A446091}.Debug|Any CPU.Build.0 = Debug|Any CPU
		{6FE2C1E1-5388-4E45-80F4-08ED8A446091}.Release|Any CPU.ActiveCfg = Release|Any CPU
		{6FE2C1E1-5388-4E45-80F4-08ED8A446091}.Release|Any CPU.Build.0 = Release|Any CPU
		{D886288B-9170-4AD8-9BA4-4642B28A73A3}.Debug|Any CPU.ActiveCfg = Debug|Any CPU
		{D886288B-9170-4AD8-9BA4-4642B28A73A3}.Debug|Any CPU.Build.0 = Debug|Any CPU
		{D886288B-9170-4AD8-9BA4-4642B28A73A3}.Release|Any CPU.ActiveCfg = Release|Any CPU
		{D886288B-9170-4AD8-9BA4-4642B28A73A3}.Release|Any CPU.Build.0 = Release|Any CPU
		{9DE0292C-9E45-45E0-9176-6B2556858AAA}.Debug|Any CPU.ActiveCfg = Debug|Any CPU
		{9DE0292C-9E45-45E0-9176-6B2556858AAA}.Debug|Any CPU.Build.0 = Debug|Any CPU
		{9DE0292C-9E45-45E0-9176-6B2556858AAA}.Release|Any CPU.ActiveCfg = Release|Any CPU
		{9DE0292C-9E45-45E0-9176-6B2556858AAA}.Release|Any CPU.Build.0 = Release|Any CPU
		{7713CF62-A3F8-452B-BC54-F1E95BE2E46B}.Debug|Any CPU.ActiveCfg = Debug|Any CPU
		{7713CF62-A3F8-452B-BC54-F1E95BE2E46B}.Debug|Any CPU.Build.0 = Debug|Any CPU
		{7713CF62-A3F8-452B-BC54-F1E95BE2E46B}.Release|Any CPU.ActiveCfg = Release|Any CPU
		{7713CF62-A3F8-452B-BC54-F1E95BE2E46B}.Release|Any CPU.Build.0 = Release|Any CPU
		{F661F588-FDF5-49ED-87F8-B20433D8CF31}.Debug|Any CPU.ActiveCfg = Debug|Any CPU
		{F661F588-FDF5-49ED-87F8-B20433D8CF31}.Debug|Any CPU.Build.0 = Debug|Any CPU
		{F661F588-FDF5-49ED-87F8-B20433D8CF31}.Release|Any CPU.ActiveCfg = Release|Any CPU
		{F661F588-FDF5-49ED-87F8-B20433D8CF31}.Release|Any CPU.Build.0 = Release|Any CPU
		{37A28442-1ED3-4B66-B27D-6DBD95D850AD}.Debug|Any CPU.ActiveCfg = Debug|Any CPU
		{37A28442-1ED3-4B66-B27D-6DBD95D850AD}.Debug|Any CPU.Build.0 = Debug|Any CPU
		{37A28442-1ED3-4B66-B27D-6DBD95D850AD}.Release|Any CPU.ActiveCfg = Release|Any CPU
		{37A28442-1ED3-4B66-B27D-6DBD95D850AD}.Release|Any CPU.Build.0 = Release|Any CPU
		{C570DAE3-07BA-48CB-BBB2-5A9027F29C98}.Debug|Any CPU.ActiveCfg = Debug|Any CPU
		{C570DAE3-07BA-48CB-BBB2-5A9027F29C98}.Debug|Any CPU.Build.0 = Debug|Any CPU
		{C570DAE3-07BA-48CB-BBB2-5A9027F29C98}.Release|Any CPU.ActiveCfg = Release|Any CPU
		{C570DAE3-07BA-48CB-BBB2-5A9027F29C98}.Release|Any CPU.Build.0 = Release|Any CPU
		{A9850AC3-8BAD-4BBF-8B0A-8AB2B7256DA9}.Debug|Any CPU.ActiveCfg = Debug|Any CPU
		{A9850AC3-8BAD-4BBF-8B0A-8AB2B7256DA9}.Debug|Any CPU.Build.0 = Debug|Any CPU
		{A9850AC3-8BAD-4BBF-8B0A-8AB2B7256DA9}.Release|Any CPU.ActiveCfg = Release|Any CPU
		{A9850AC3-8BAD-4BBF-8B0A-8AB2B7256DA9}.Release|Any CPU.Build.0 = Release|Any CPU
		{C75F6493-3495-4952-B6E0-D2DFC6EC73E7}.Debug|Any CPU.ActiveCfg = Debug|Any CPU
		{C75F6493-3495-4952-B6E0-D2DFC6EC73E7}.Debug|Any CPU.Build.0 = Debug|Any CPU
		{C75F6493-3495-4952-B6E0-D2DFC6EC73E7}.Release|Any CPU.ActiveCfg = Release|Any CPU
		{C75F6493-3495-4952-B6E0-D2DFC6EC73E7}.Release|Any CPU.Build.0 = Release|Any CPU
	EndGlobalSection
	GlobalSection(SolutionProperties) = preSolution
		HideSolutionNode = FALSE
	EndGlobalSection
	GlobalSection(NestedProjects) = preSolution
		{8A3DFE60-6BDD-4E1C-A234-1E15E3BEF414} = {17FFDA9B-6DB6-4E7E-AA9F-0824E4504032}
		{60F78E1A-2A57-438D-AC8E-7204AC3D5A52} = {17FFDA9B-6DB6-4E7E-AA9F-0824E4504032}
		{CD62BDB8-85E8-4EAD-B269-BC2A407415C3} = {7F327415-88E2-4E71-92FC-D0844EC6C5CA}
		{04D5E9FF-1B58-4014-8F78-29D143D8A074} = {CFC4ABC0-DBC4-4009-BE80-E924CAA16CC9}
		{4F605714-4AF6-4F52-B0D4-8B4A97C7C9B8} = {48CE0BA6-3CA2-4FAD-87CE-F927DEF47B7E}
		{A4676E6A-64AB-4B46-A398-D020583752B0} = {17FFDA9B-6DB6-4E7E-AA9F-0824E4504032}
		{07090DE2-BF10-4EB3-9389-0D8B66A16C12} = {48CE0BA6-3CA2-4FAD-87CE-F927DEF47B7E}
		{5DCBB9F2-8A95-47C1-86E1-93BE0CC469D6} = {09DFED90-577A-4612-A89F-55071E2E6529}
		{F4C0E5D1-2244-499B-856C-815CE3C458A3} = {7F327415-88E2-4E71-92FC-D0844EC6C5CA}
		{90F8BCF4-EAD7-4F06-9E51-D4E627B92482} = {E4A1D295-C96B-42F1-BEE6-EBF21E75D591}
		{5D0BDE59-1510-47FE-A313-49DA714602FF} = {E4A1D295-C96B-42F1-BEE6-EBF21E75D591}
		{C3E88787-D808-48E8-9D07-FE369525B52A} = {E4A1D295-C96B-42F1-BEE6-EBF21E75D591}
		{70DE9C4A-5578-434E-BC97-7B4CE66FE007} = {143E43E5-1A24-42B4-A010-2391E44C6D9E}
		{B72E1786-2AD6-4504-8037-C2C6002991BB} = {143E43E5-1A24-42B4-A010-2391E44C6D9E}
		{FAC36EE1-DFF2-4A8C-8D96-4A4DCE79A5C3} = {143E43E5-1A24-42B4-A010-2391E44C6D9E}
		{2DFF7B71-44E4-45B0-BFE6-E1D4718CF42C} = {E4A1D295-C96B-42F1-BEE6-EBF21E75D591}
		{07D81F68-4EF8-4DD7-A90F-CFDDD4B4DA1D} = {E4A1D295-C96B-42F1-BEE6-EBF21E75D591}
		{6FE2C1E1-5388-4E45-80F4-08ED8A446091} = {4CCDB999-4125-46AA-AEDF-8A86F6D1AA35}
		{D886288B-9170-4AD8-9BA4-4642B28A73A3} = {4CCDB999-4125-46AA-AEDF-8A86F6D1AA35}
		{9DE0292C-9E45-45E0-9176-6B2556858AAA} = {143E43E5-1A24-42B4-A010-2391E44C6D9E}
		{7713CF62-A3F8-452B-BC54-F1E95BE2E46B} = {4CCDB999-4125-46AA-AEDF-8A86F6D1AA35}
		{F661F588-FDF5-49ED-87F8-B20433D8CF31} = {4CCDB999-4125-46AA-AEDF-8A86F6D1AA35}
		{4CCDB999-4125-46AA-AEDF-8A86F6D1AA35} = {143E43E5-1A24-42B4-A010-2391E44C6D9E}
		{2D930C53-1116-428F-B5AE-E8B1389CC3E1} = {143E43E5-1A24-42B4-A010-2391E44C6D9E}
		{37A28442-1ED3-4B66-B27D-6DBD95D850AD} = {2D930C53-1116-428F-B5AE-E8B1389CC3E1}
		{C570DAE3-07BA-48CB-BBB2-5A9027F29C98} = {2D930C53-1116-428F-B5AE-E8B1389CC3E1}
		{A9850AC3-8BAD-4BBF-8B0A-8AB2B7256DA9} = {2D930C53-1116-428F-B5AE-E8B1389CC3E1}
		{C75F6493-3495-4952-B6E0-D2DFC6EC73E7} = {2D930C53-1116-428F-B5AE-E8B1389CC3E1}
	EndGlobalSection
EndGlobal
